
Microsoft Visual Studio Solution File, Format Version 12.00
# Visual Studio Version 16
VisualStudioVersion = 16.0.29418.71
MinimumVisualStudioVersion = 10.0.40219.1
Project("{FAE04EC0-301F-11D3-BF4B-00C04F79EFBC}") = "MyBookshelf", "MyBookshelf\MyBookshelf.csproj", "{2B7FB1D2-3B14-4333-AAFB-67E4C1937127}"
EndProject
Global
	GlobalSection(SolutionConfigurationPlatforms) = preSolution
		Debug|Any CPU = Debug|Any CPU
		Release|Any CPU = Release|Any CPU
	EndGlobalSection
	GlobalSection(ProjectConfigurationPlatforms) = postSolution
		{2B7FB1D2-3B14-4333-AAFB-67E4C1937127}.Debug|Any CPU.ActiveCfg = Debug|Any CPU
		{2B7FB1D2-3B14-4333-AAFB-67E4C1937127}.Debug|Any CPU.Build.0 = Debug|Any CPU
		{2B7FB1D2-3B14-4333-AAFB-67E4C1937127}.Release|Any CPU.ActiveCfg = Release|Any CPU
		{2B7FB1D2-3B14-4333-AAFB-67E4C1937127}.Release|Any CPU.Build.0 = Release|Any CPU
	EndGlobalSection
	GlobalSection(SolutionProperties) = preSolution
		HideSolutionNode = FALSE
	EndGlobalSection
	GlobalSection(ExtensibilityGlobals) = postSolution
		SolutionGuid = {6B1DAA59-88C8-4392-8A88-144018746C85}
	EndGlobalSection
EndGlobal
